
Microsoft Visual Studio Solution File, Format Version 12.00
# Visual Studio Version 16
VisualStudioVersion = 16.0.31729.503
MinimumVisualStudioVersion = 10.0.40219.1
Project("{FAE04EC0-301F-11D3-BF4B-00C04F79EFBC}") = "RegaloOriginalTest", "RegaloOriginalTest\RegaloOriginalTest.csproj", "{CE792E66-383D-460D-B273-1C34F7C595C2}"
EndProject
Global
	GlobalSection(SolutionConfigurationPlatforms) = preSolution
		Debug|Any CPU = Debug|Any CPU
		Release|Any CPU = Release|Any CPU
	EndGlobalSection
	GlobalSection(ProjectConfigurationPlatforms) = postSolution
		{CE792E66-383D-460D-B273-1C34F7C595C2}.Debug|Any CPU.ActiveCfg = Debug|Any CPU
		{CE792E66-383D-460D-B273-1C34F7C595C2}.Debug|Any CPU.Build.0 = Debug|Any CPU
		{CE792E66-383D-460D-B273-1C34F7C595C2}.Release|Any CPU.ActiveCfg = Release|Any CPU
		{CE792E66-383D-460D-B273-1C34F7C595C2}.Release|Any CPU.Build.0 = Release|Any CPU
	EndGlobalSection
	GlobalSection(SolutionProperties) = preSolution
		HideSolutionNode = FALSE
	EndGlobalSection
	GlobalSection(ExtensibilityGlobals) = postSolution
		SolutionGuid = {A252A759-9288-469F-BDB9-CA86E90F5C49}
	EndGlobalSection
EndGlobal
